{
  "name": "orchestrator",
  "version": "1.0.0",
  "lockfileVersion": 3,
  "requires": true,
  "packages": {
    "": {
      "name": "orchestrator",
      "version": "1.0.0",
      "license": "ISC",
      "dependencies": {
        "dotenv": "^16.5.0",
        "openai": "^5.7.0",
        "playwright": "^1.53.1"
      }
    },
    "node_modules/dotenv": {
      "version": "16.5.0",
      "resolved": "https://artifacts.eng.appianci.net:443/artifactory/api/npm/npmjs/dotenv/-/dotenv-16.5.0.tgz",
      "integrity": "sha512-m/C+AwOAr9/W1UOIZUo232ejMNnJAJtYQjUbHoNTBNTJSvqzzDh7vnrei3o3r3m9blf6ZoDkvcw0VmozNRFJxg==",
      "engines": {
        "node": ">=12"
      },
      "funding": {
        "url": "https://dotenvx.com"
      }
    },
    "node_modules/fsevents": {
      "version": "2.3.2",
      "resolved": "https://artifacts.eng.appianci.net:443/artifactory/api/npm/npmjs/fsevents/-/fsevents-2.3.2.tgz",
      "integrity": "sha512-xiqMQR4xAeHTuB9uWm+fFRcIOgKBMiOBP+eXiyT7jsgVCq1bkVygt00oASowB7EdtpOHaaPgKt812P9ab+DDKA==",
      "hasInstallScript": true,
      "optional": true,
      "os": [
        "darwin"
      ],
      "engines": {
        "node": "^8.16.0 || ^10.6.0 || >=11.0.0"
      }
    },
    "node_modules/openai": {
      "version": "5.7.0",
      "resolved": "https://artifacts.eng.appianci.net:443/artifactory/api/npm/npmjs/openai/-/openai-5.7.0.tgz",
      "integrity": "sha512-zXWawZl6J/P5Wz57/nKzVT3kJQZvogfuyuNVCdEp4/XU2UNrjL7SsuNpWAyLZbo6HVymwmnfno9toVzBhelygA==",
      "bin": {
        "openai": "bin/cli"
      },
      "peerDependencies": {
        "ws": "^8.18.0",
        "zod": "^3.23.8"
      },
      "peerDependenciesMeta": {
        "ws": {
          "optional": true
        },
        "zod": {
          "optional": true
        }
      }
    },
    "node_modules/playwright": {
      "version": "1.53.1",
      "resolved": "https://artifacts.eng.appianci.net:443/artifactory/api/npm/npmjs/playwright/-/playwright-1.53.1.tgz",
      "integrity": "sha512-LJ13YLr/ocweuwxyGf1XNFWIU4M2zUSo149Qbp+A4cpwDjsxRPj7k6H25LBrEHiEwxvRbD8HdwvQmRMSvquhYw==",
      "dependencies": {
        "playwright-core": "1.53.1"
      },
      "bin": {
        "playwright": "cli.js"
      },
      "engines": {
        "node": ">=18"
      },
      "optionalDependencies": {
        "fsevents": "2.3.2"
      }
    },
    "node_modules/playwright-core": {
      "version": "1.53.1",
      "resolved": "https://artifacts.eng.appianci.net:443/artifactory/api/npm/npmjs/playwright-core/-/playwright-core-1.53.1.tgz",
      "integrity": "sha512-Z46Oq7tLAyT0lGoFx4DOuB1IA9D1TPj0QkYxpPVUnGDqHHvDpCftu1J2hM2PiWsNMoZh8+LQaarAWcDfPBc6zg==",
      "bin": {
        "playwright-core": "cli.js"
      },
      "engines": {
        "node": ">=18"
      }
    }
  }
}
